{
  "version": 4,
  "terraform_version": "1.11.4",
  "serial": 9,
  "lineage": "0bb674b4-f70e-9ab4-db44-14ca5c91df54",
  "outputs": {},
  "resources": [
    {
      "mode": "data",
      "type": "aws_s3_bucket",
      "name": "existing",
      "provider": "provider[\"registry.terraform.io/hashicorp/aws\"]",
      "instances": [
        {
          "schema_version": 0,
          "attributes": {
            "arn": "arn:aws:s3:::my-bucket-toshi-2025",
            "bucket": "my-bucket-toshi-2025",
            "bucket_domain_name": "my-bucket-toshi-2025.s3.amazonaws.com",
            "bucket_regional_domain_name": "my-bucket-toshi-2025.s3.ap-northeast-1.amazonaws.com",
            "hosted_zone_id": "Z2M4EHUR26P7ZW",
            "id": "my-bucket-toshi-2025",
            "region": "ap-northeast-1",
            "website_domain": null,
            "website_endpoint": null
          },
          "sensitive_attributes": []
        }
      ]
    },
    {
      "mode": "managed",
      "type": "aws_s3_bucket_versioning",
      "name": "main_bucket_versioning",
      "provider": "provider[\"registry.terraform.io/hashicorp/aws\"]",
      "instances": [
        {
          "status": "tainted",
          "schema_version": 0,
          "attributes": {
            "bucket": "my-bucket-toshi-2025",
            "expected_bucket_owner": null,
            "id": "my-bucket-toshi-2025",
            "mfa": null,
            "versioning_configuration": [
              {
                "mfa_delete": "",
                "status": "Enabled"
              }
            ]
          },
          "sensitive_attributes": [],
          "private": "bnVsbA==",
          "dependencies": [
            "data.aws_s3_bucket.existing"
          ]
        }
      ]
    }
  ],
  "check_results": null
}
